
Microsoft Visual Studio Solution File, Format Version 12.00
# Visual Studio 15
VisualStudioVersion = 15.0.27428.2043
MinimumVisualStudioVersion = 10.0.40219.1
Project("{FAE04EC0-301F-11D3-BF4B-00C04F79EFBC}") = "Lab9", "Lab9\Lab9.csproj", "{0B20A6F5-B64E-420B-AAD4-098C1A1EC741}"
EndProject
Global
	GlobalSection(SolutionConfigurationPlatforms) = preSolution
		Debug|Any CPU = Debug|Any CPU
		Release|Any CPU = Release|Any CPU
	EndGlobalSection
	GlobalSection(ProjectConfigurationPlatforms) = postSolution
		{0B20A6F5-B64E-420B-AAD4-098C1A1EC741}.Debug|Any CPU.ActiveCfg = Debug|Any CPU
		{0B20A6F5-B64E-420B-AAD4-098C1A1EC741}.Debug|Any CPU.Build.0 = Debug|Any CPU
		{0B20A6F5-B64E-420B-AAD4-098C1A1EC741}.Release|Any CPU.ActiveCfg = Release|Any CPU
		{0B20A6F5-B64E-420B-AAD4-098C1A1EC741}.Release|Any CPU.Build.0 = Release|Any CPU
	EndGlobalSection
	GlobalSection(SolutionProperties) = preSolution
		HideSolutionNode = FALSE
	EndGlobalSection
	GlobalSection(ExtensibilityGlobals) = postSolution
		SolutionGuid = {1870D9DE-D78E-4BA4-BAB5-4AA076E14AAF}
	EndGlobalSection
EndGlobal
